// !$*UTF8*$!
{
	archiveVersion = 1;
	classes = {
	};
	objectVersion = 56;
	objects = {

/* Begin PBXBuildFile section */
		9258E6A22C4664B800B6DC82 /* ShareToWatchApp.swift in Sources */ = {isa = PBXBuildFile; fileRef = 9258E6A12C4664B800B6DC82 /* ShareToWatchApp.swift */; };
		9258E6A42C4664B800B6DC82 /* ContentView.swift in Sources */ = {isa = PBXBuildFile; fileRef = 9258E6A32C4664B800B6DC82 /* ContentView.swift */; };
		9258E6A62C4664BA00B6DC82 /* Assets.xcassets in Resources */ = {isa = PBXBuildFile; fileRef = 9258E6A52C4664BA00B6DC82 /* Assets.xcassets */; };
		9258E6A92C4664BA00B6DC82 /* Preview Assets.xcassets in Resources */ = {isa = PBXBuildFile; fileRef = 9258E6A82C4664BA00B6DC82 /* Preview Assets.xcassets */; };
		9258E6B62C4664F300B6DC82 /* ShareViewController.swift in Sources */ = {isa = PBXBuildFile; fileRef = 9258E6B52C4664F300B6DC82 /* ShareViewController.swift */; };
		9258E6B92C4664F300B6DC82 /* MainInterface.storyboard in Resources */ = {isa = PBXBuildFile; fileRef = 9258E6B72C4664F300B6DC82 /* MainInterface.storyboard */; };
		926015732C47CF6C00212AB7 /* Note.swift in Sources */ = {isa = PBXBuildFile; fileRef = 926015722C47CF6C00212AB7 /* Note.swift */; };
		927EAEF82C499FD3007709AD /* Watch App.app in Embed Watch Content */ = {isa = PBXBuildFile; fileRef = 92854C762C4993E700E45F88 /* Watch App.app */; settings = {ATTRIBUTES = (RemoveHeadersOnCopy, ); }; };
		927EAEFD2C49A23E007709AD /* ShareExt.appex in Embed Foundation Extensions */ = {isa = PBXBuildFile; fileRef = 9258E6B32C4664F300B6DC82 /* ShareExt.appex */; settings = {ATTRIBUTES = (RemoveHeadersOnCopy, ); }; };
		927EAF012C49A41A007709AD /* Note.swift in Sources */ = {isa = PBXBuildFile; fileRef = 926015722C47CF6C00212AB7 /* Note.swift */; };
		92852B962C4BC2AB009779F2 /* NoteEdit.swift in Sources */ = {isa = PBXBuildFile; fileRef = 92852B952C4BC2AB009779F2 /* NoteEdit.swift */; };
		92854C7C2C4993E700E45F88 /* WatchExtApp.swift in Sources */ = {isa = PBXBuildFile; fileRef = 92854C7B2C4993E700E45F88 /* WatchExtApp.swift */; };
		92854C7E2C4993E700E45F88 /* ContentView.swift in Sources */ = {isa = PBXBuildFile; fileRef = 92854C7D2C4993E700E45F88 /* ContentView.swift */; };
		92854C802C4993E900E45F88 /* Assets.xcassets in Resources */ = {isa = PBXBuildFile; fileRef = 92854C7F2C4993E900E45F88 /* Assets.xcassets */; };
		92854C832C4993E900E45F88 /* Preview Assets.xcassets in Resources */ = {isa = PBXBuildFile; fileRef = 92854C822C4993E900E45F88 /* Preview Assets.xcassets */; };
		92D346202C4C156500AE74FD /* DataContainer.swift in Sources */ = {isa = PBXBuildFile; fileRef = 92D3461E2C4C152500AE74FD /* DataContainer.swift */; };
		92D346212C4C160D00AE74FD /* DataContainer.swift in Sources */ = {isa = PBXBuildFile; fileRef = 92D3461E2C4C152500AE74FD /* DataContainer.swift */; };
		92D346252C4C1FDC00AE74FD /* CheckboxView.swift in Sources */ = {isa = PBXBuildFile; fileRef = 92D346242C4C1FDC00AE74FD /* CheckboxView.swift */; };
		92D346282C4C208C00AE74FD /* CheckboxView.swift in Sources */ = {isa = PBXBuildFile; fileRef = 92D346242C4C1FDC00AE74FD /* CheckboxView.swift */; };
		92D346292C4C385600AE74FD /* DataContainer.swift in Sources */ = {isa = PBXBuildFile; fileRef = 92D3461E2C4C152500AE74FD /* DataContainer.swift */; };
		92D3462A2C4C385900AE74FD /* Note.swift in Sources */ = {isa = PBXBuildFile; fileRef = 926015722C47CF6C00212AB7 /* Note.swift */; };
		92D3462D2C4C545100AE74FD /* DataTransfer.swift in Sources */ = {isa = PBXBuildFile; fileRef = 92D3462C2C4C545100AE74FD /* DataTransfer.swift */; };
		92D3462E2C4CEEF000AE74FD /* DataTransfer.swift in Sources */ = {isa = PBXBuildFile; fileRef = 92D3462C2C4C545100AE74FD /* DataTransfer.swift */; };
		92D346302C4D0A2200AE74FD /* DataBaseManager.swift in Sources */ = {isa = PBXBuildFile; fileRef = 92D3462F2C4D0A2200AE74FD /* DataBaseManager.swift */; };
		92D346312C4D0A2200AE74FD /* DataBaseManager.swift in Sources */ = {isa = PBXBuildFile; fileRef = 92D3462F2C4D0A2200AE74FD /* DataBaseManager.swift */; };
/* End PBXBuildFile section */

/* Begin PBXContainerItemProxy section */
		927EAEF92C49A0D9007709AD /* PBXContainerItemProxy */ = {
			isa = PBXContainerItemProxy;
			containerPortal = 9258E6962C4664B800B6DC82 /* Project object */;
			proxyType = 1;
			remoteGlobalIDString = 9258E6B22C4664F300B6DC82;
			remoteInfo = ShareExt;
		};
		927EAEFB2C49A0D9007709AD /* PBXContainerItemProxy */ = {
			isa = PBXContainerItemProxy;
			containerPortal = 9258E6962C4664B800B6DC82 /* Project object */;
			proxyType = 1;
			remoteGlobalIDString = 92854C752C4993E700E45F88;
			remoteInfo = "Watch App";
		};
		927EAEFE2C49A23E007709AD /* PBXContainerItemProxy */ = {
			isa = PBXContainerItemProxy;
			containerPortal = 9258E6962C4664B800B6DC82 /* Project object */;
			proxyType = 1;
			remoteGlobalIDString = 9258E6B22C4664F300B6DC82;
			remoteInfo = ShareExt;
		};
/* End PBXContainerItemProxy section */

/* Begin PBXCopyFilesBuildPhase section */
		9258E6D92C467F7500B6DC82 /* Embed Watch Content */ = {
			isa = PBXCopyFilesBuildPhase;
			buildActionMask = 2147483647;
			dstPath = "$(CONTENTS_FOLDER_PATH)/Watch";
			dstSubfolderSpec = 16;
			files = (
				927EAEF82C499FD3007709AD /* Watch App.app in Embed Watch Content */,
			);
			name = "Embed Watch Content";
			runOnlyForDeploymentPostprocessing = 0;
		};
		927EAF002C49A23F007709AD /* Embed Foundation Extensions */ = {
			isa = PBXCopyFilesBuildPhase;
			buildActionMask = 2147483647;
			dstPath = "";
			dstSubfolderSpec = 13;
			files = (
				927EAEFD2C49A23E007709AD /* ShareExt.appex in Embed Foundation Extensions */,
			);
			name = "Embed Foundation Extensions";
			runOnlyForDeploymentPostprocessing = 0;
		};
		92854BE02C48330100E45F88 /* Embed Frameworks */ = {
			isa = PBXCopyFilesBuildPhase;
			buildActionMask = 2147483647;
			dstPath = "";
			dstSubfolderSpec = 10;
			files = (
			);
			name = "Embed Frameworks";
			runOnlyForDeploymentPostprocessing = 0;
		};
/* End PBXCopyFilesBuildPhase section */

/* Begin PBXFileReference section */
		9258E69E2C4664B800B6DC82 /* iOS App.app */ = {isa = PBXFileReference; explicitFileType = wrapper.application; includeInIndex = 0; path = "iOS App.app"; sourceTree = BUILT_PRODUCTS_DIR; };
		9258E6A12C4664B800B6DC82 /* ShareToWatchApp.swift */ = {isa = PBXFileReference; lastKnownFileType = sourcecode.swift; path = ShareToWatchApp.swift; sourceTree = "<group>"; };
		9258E6A32C4664B800B6DC82 /* ContentView.swift */ = {isa = PBXFileReference; lastKnownFileType = sourcecode.swift; path = ContentView.swift; sourceTree = "<group>"; };
		9258E6A52C4664BA00B6DC82 /* Assets.xcassets */ = {isa = PBXFileReference; lastKnownFileType = folder.assetcatalog; path = Assets.xcassets; sourceTree = "<group>"; };
		9258E6A82C4664BA00B6DC82 /* Preview Assets.xcassets */ = {isa = PBXFileReference; lastKnownFileType = folder.assetcatalog; path = "Preview Assets.xcassets"; sourceTree = "<group>"; };
		9258E6B32C4664F300B6DC82 /* ShareExt.appex */ = {isa = PBXFileReference; explicitFileType = "wrapper.app-extension"; includeInIndex = 0; path = ShareExt.appex; sourceTree = BUILT_PRODUCTS_DIR; };
		9258E6B52C4664F300B6DC82 /* ShareViewController.swift */ = {isa = PBXFileReference; lastKnownFileType = sourcecode.swift; path = ShareViewController.swift; sourceTree = "<group>"; };
		9258E6B82C4664F300B6DC82 /* Base */ = {isa = PBXFileReference; lastKnownFileType = file.storyboard; name = Base; path = Base.lproj/MainInterface.storyboard; sourceTree = "<group>"; };
		9258E6BA2C4664F300B6DC82 /* Info.plist */ = {isa = PBXFileReference; lastKnownFileType = text.plist.xml; path = Info.plist; sourceTree = "<group>"; };
		9258E6C22C466D1600B6DC82 /* ShareToWatch.entitlements */ = {isa = PBXFileReference; lastKnownFileType = text.plist.entitlements; path = ShareToWatch.entitlements; sourceTree = "<group>"; };
		9258E6C32C466DC400B6DC82 /* ShareExt.entitlements */ = {isa = PBXFileReference; lastKnownFileType = text.plist.entitlements; path = ShareExt.entitlements; sourceTree = "<group>"; };
		9260156F2C47052300212AB7 /* Info.plist */ = {isa = PBXFileReference; lastKnownFileType = text.plist; path = Info.plist; sourceTree = "<group>"; };
		926015722C47CF6C00212AB7 /* Note.swift */ = {isa = PBXFileReference; lastKnownFileType = sourcecode.swift; path = Note.swift; sourceTree = "<group>"; };
		92852B952C4BC2AB009779F2 /* NoteEdit.swift */ = {isa = PBXFileReference; lastKnownFileType = sourcecode.swift; path = NoteEdit.swift; sourceTree = "<group>"; };
		92854C762C4993E700E45F88 /* Watch App.app */ = {isa = PBXFileReference; explicitFileType = wrapper.application; includeInIndex = 0; path = "Watch App.app"; sourceTree = BUILT_PRODUCTS_DIR; };
		92854C7B2C4993E700E45F88 /* WatchExtApp.swift */ = {isa = PBXFileReference; lastKnownFileType = sourcecode.swift; path = WatchExtApp.swift; sourceTree = "<group>"; };
		92854C7D2C4993E700E45F88 /* ContentView.swift */ = {isa = PBXFileReference; lastKnownFileType = sourcecode.swift; path = ContentView.swift; sourceTree = "<group>"; };
		92854C7F2C4993E900E45F88 /* Assets.xcassets */ = {isa = PBXFileReference; lastKnownFileType = folder.assetcatalog; path = Assets.xcassets; sourceTree = "<group>"; };
		92854C822C4993E900E45F88 /* Preview Assets.xcassets */ = {isa = PBXFileReference; lastKnownFileType = folder.assetcatalog; path = "Preview Assets.xcassets"; sourceTree = "<group>"; };
		92854C8B2C49940B00E45F88 /* WatchApp.entitlements */ = {isa = PBXFileReference; lastKnownFileType = text.plist.entitlements; path = WatchApp.entitlements; sourceTree = "<group>"; };
		92D3461E2C4C152500AE74FD /* DataContainer.swift */ = {isa = PBXFileReference; lastKnownFileType = sourcecode.swift; path = DataContainer.swift; sourceTree = "<group>"; };
		92D346242C4C1FDC00AE74FD /* CheckboxView.swift */ = {isa = PBXFileReference; lastKnownFileType = sourcecode.swift; path = CheckboxView.swift; sourceTree = "<group>"; };
		92D3462C2C4C545100AE74FD /* DataTransfer.swift */ = {isa = PBXFileReference; lastKnownFileType = sourcecode.swift; path = DataTransfer.swift; sourceTree = "<group>"; };
		92D3462F2C4D0A2200AE74FD /* DataBaseManager.swift */ = {isa = PBXFileReference; lastKnownFileType = sourcecode.swift; path = DataBaseManager.swift; sourceTree = "<group>"; };
/* End PBXFileReference section */

/* Begin PBXFrameworksBuildPhase section */
		9258E69B2C4664B800B6DC82 /* Frameworks */ = {
			isa = PBXFrameworksBuildPhase;
			buildActionMask = 2147483647;
			files = (
			);
			runOnlyForDeploymentPostprocessing = 0;
		};
		9258E6B02C4664F300B6DC82 /* Frameworks */ = {
			isa = PBXFrameworksBuildPhase;
			buildActionMask = 2147483647;
			files = (
			);
			runOnlyForDeploymentPostprocessing = 0;
		};
		92854C732C4993E700E45F88 /* Frameworks */ = {
			isa = PBXFrameworksBuildPhase;
			buildActionMask = 2147483647;
			files = (
			);
			runOnlyForDeploymentPostprocessing = 0;
		};
/* End PBXFrameworksBuildPhase section */

/* Begin PBXGroup section */
		9258E6952C4664B800B6DC82 = {
			isa = PBXGroup;
			children = (
				92852B8C2C4BBC9D009779F2 /* Source */,
				9258E69F2C4664B800B6DC82 /* Products */,
				92854BDC2C48330100E45F88 /* Frameworks */,
			);
			sourceTree = "<group>";
		};
		9258E69F2C4664B800B6DC82 /* Products */ = {
			isa = PBXGroup;
			children = (
				9258E69E2C4664B800B6DC82 /* iOS App.app */,
				9258E6B32C4664F300B6DC82 /* ShareExt.appex */,
				92854C762C4993E700E45F88 /* Watch App.app */,
			);
			name = Products;
			sourceTree = "<group>";
		};
		9258E6A02C4664B800B6DC82 /* ShareToWatch */ = {
			isa = PBXGroup;
			children = (
				92852B942C4BC286009779F2 /* Scenes */,
				9260156F2C47052300212AB7 /* Info.plist */,
				9258E6C22C466D1600B6DC82 /* ShareToWatch.entitlements */,
				9258E6A12C4664B800B6DC82 /* ShareToWatchApp.swift */,
				9258E6A52C4664BA00B6DC82 /* Assets.xcassets */,
				9258E6A72C4664BA00B6DC82 /* Preview Content */,
			);
			path = ShareToWatch;
			sourceTree = "<group>";
		};
		9258E6A72C4664BA00B6DC82 /* Preview Content */ = {
			isa = PBXGroup;
			children = (
				9258E6A82C4664BA00B6DC82 /* Preview Assets.xcassets */,
			);
			path = "Preview Content";
			sourceTree = "<group>";
		};
		9258E6B42C4664F300B6DC82 /* ShareExt */ = {
			isa = PBXGroup;
			children = (
				9258E6C32C466DC400B6DC82 /* ShareExt.entitlements */,
				9258E6B52C4664F300B6DC82 /* ShareViewController.swift */,
				9258E6B72C4664F300B6DC82 /* MainInterface.storyboard */,
				9258E6BA2C4664F300B6DC82 /* Info.plist */,
			);
			path = ShareExt;
			sourceTree = "<group>";
		};
		926015712C47CF5000212AB7 /* DTOModels */ = {
			isa = PBXGroup;
			children = (
				926015722C47CF6C00212AB7 /* Note.swift */,
				92D3461E2C4C152500AE74FD /* DataContainer.swift */,
			);
			path = DTOModels;
			sourceTree = "<group>";
		};
		92852B8C2C4BBC9D009779F2 /* Source */ = {
			isa = PBXGroup;
			children = (
				92852B8E2C4BBCC4009779F2 /* Shared */,
				92852B8D2C4BBCBC009779F2 /* Apps */,
			);
			path = Source;
			sourceTree = "<group>";
		};
		92852B8D2C4BBCBC009779F2 /* Apps */ = {
			isa = PBXGroup;
			children = (
				9258E6A02C4664B800B6DC82 /* ShareToWatch */,
				9258E6B42C4664F300B6DC82 /* ShareExt */,
				92854C7A2C4993E700E45F88 /* WatchApp */,
			);
			path = Apps;
			sourceTree = "<group>";
		};
		92852B8E2C4BBCC4009779F2 /* Shared */ = {
			isa = PBXGroup;
			children = (
				92D3462B2C4C541700AE74FD /* Views */,
				926015712C47CF5000212AB7 /* DTOModels */,
				92D3462C2C4C545100AE74FD /* DataTransfer.swift */,
				92D3462F2C4D0A2200AE74FD /* DataBaseManager.swift */,
			);
			path = Shared;
			sourceTree = "<group>";
		};
		92852B942C4BC286009779F2 /* Scenes */ = {
			isa = PBXGroup;
			children = (
				9258E6A32C4664B800B6DC82 /* ContentView.swift */,
				92852B952C4BC2AB009779F2 /* NoteEdit.swift */,
			);
			path = Scenes;
			sourceTree = "<group>";
		};
		92854BDC2C48330100E45F88 /* Frameworks */ = {
			isa = PBXGroup;
			children = (
			);
			name = Frameworks;
			sourceTree = "<group>";
		};
		92854C7A2C4993E700E45F88 /* WatchApp */ = {
			isa = PBXGroup;
			children = (
				92854C8B2C49940B00E45F88 /* WatchApp.entitlements */,
				92854C7B2C4993E700E45F88 /* WatchExtApp.swift */,
				92854C7D2C4993E700E45F88 /* ContentView.swift */,
				92854C7F2C4993E900E45F88 /* Assets.xcassets */,
				92854C812C4993E900E45F88 /* Preview Content */,
			);
			path = WatchApp;
			sourceTree = "<group>";
		};
		92854C812C4993E900E45F88 /* Preview Content */ = {
			isa = PBXGroup;
			children = (
				92854C822C4993E900E45F88 /* Preview Assets.xcassets */,
			);
			path = "Preview Content";
			sourceTree = "<group>";
		};
		92D3462B2C4C541700AE74FD /* Views */ = {
			isa = PBXGroup;
			children = (
				92D346242C4C1FDC00AE74FD /* CheckboxView.swift */,
			);
			path = Views;
			sourceTree = "<group>";
		};
/* End PBXGroup section */

/* Begin PBXNativeTarget section */
		9258E69D2C4664B800B6DC82 /* iOS App */ = {
			isa = PBXNativeTarget;
			buildConfigurationList = 9258E6AC2C4664BA00B6DC82 /* Build configuration list for PBXNativeTarget "iOS App" */;
			buildPhases = (
				9258E69A2C4664B800B6DC82 /* Sources */,
				9258E69B2C4664B800B6DC82 /* Frameworks */,
				9258E69C2C4664B800B6DC82 /* Resources */,
				9258E6D92C467F7500B6DC82 /* Embed Watch Content */,
				92854BE02C48330100E45F88 /* Embed Frameworks */,
				927EAF002C49A23F007709AD /* Embed Foundation Extensions */,
			);
			buildRules = (
			);
			dependencies = (
				927EAEFA2C49A0D9007709AD /* PBXTargetDependency */,
				927EAEFC2C49A0D9007709AD /* PBXTargetDependency */,
				927EAEFF2C49A23E007709AD /* PBXTargetDependency */,
			);
			name = "iOS App";
			packageProductDependencies = (
			);
			productName = ShareToWatch;
			productReference = 9258E69E2C4664B800B6DC82 /* iOS App.app */;
			productType = "com.apple.product-type.application";
		};
		9258E6B22C4664F300B6DC82 /* ShareExt */ = {
			isa = PBXNativeTarget;
			buildConfigurationList = 9258E6BE2C4664F300B6DC82 /* Build configuration list for PBXNativeTarget "ShareExt" */;
			buildPhases = (
				9258E6AF2C4664F300B6DC82 /* Sources */,
				9258E6B02C4664F300B6DC82 /* Frameworks */,
				9258E6B12C4664F300B6DC82 /* Resources */,
			);
			buildRules = (
			);
			dependencies = (
			);
			name = ShareExt;
			productName = CtWShareExt;
			productReference = 9258E6B32C4664F300B6DC82 /* ShareExt.appex */;
			productType = "com.apple.product-type.app-extension";
		};
		92854C752C4993E700E45F88 /* Watch App */ = {
			isa = PBXNativeTarget;
			buildConfigurationList = 92854C842C4993E900E45F88 /* Build configuration list for PBXNativeTarget "Watch App" */;
			buildPhases = (
				92854C722C4993E700E45F88 /* Sources */,
				92854C732C4993E700E45F88 /* Frameworks */,
				92854C742C4993E700E45F88 /* Resources */,
			);
			buildRules = (
			);
			dependencies = (
			);
			name = "Watch App";
			productName = "WatchExt Watch App";
			productReference = 92854C762C4993E700E45F88 /* Watch App.app */;
			productType = "com.apple.product-type.application";
		};
/* End PBXNativeTarget section */

/* Begin PBXProject section */
		9258E6962C4664B800B6DC82 /* Project object */ = {
			isa = PBXProject;
			attributes = {
				BuildIndependentTargetsInParallel = 1;
				LastSwiftUpdateCheck = 1540;
				LastUpgradeCheck = 1510;
				TargetAttributes = {
					9258E69D2C4664B800B6DC82 = {
						CreatedOnToolsVersion = 15.1;
					};
					9258E6B22C4664F300B6DC82 = {
						CreatedOnToolsVersion = 15.1;
					};
					92854C752C4993E700E45F88 = {
						CreatedOnToolsVersion = 15.4;
					};
				};
			};
			buildConfigurationList = 9258E6992C4664B800B6DC82 /* Build configuration list for PBXProject "ShareToWatch" */;
			compatibilityVersion = "Xcode 14.0";
			developmentRegion = en;
			hasScannedForEncodings = 0;
			knownRegions = (
				en,
				Base,
			);
			mainGroup = 9258E6952C4664B800B6DC82;
			packageReferences = (
			);
			productRefGroup = 9258E69F2C4664B800B6DC82 /* Products */;
			projectDirPath = "";
			projectRoot = "";
			targets = (
				9258E69D2C4664B800B6DC82 /* iOS App */,
				9258E6B22C4664F300B6DC82 /* ShareExt */,
				92854C752C4993E700E45F88 /* Watch App */,
			);
		};
/* End PBXProject section */

/* Begin PBXResourcesBuildPhase section */
		9258E69C2C4664B800B6DC82 /* Resources */ = {
			isa = PBXResourcesBuildPhase;
			buildActionMask = 2147483647;
			files = (
				9258E6A92C4664BA00B6DC82 /* Preview Assets.xcassets in Resources */,
				9258E6A62C4664BA00B6DC82 /* Assets.xcassets in Resources */,
			);
			runOnlyForDeploymentPostprocessing = 0;
		};
		9258E6B12C4664F300B6DC82 /* Resources */ = {
			isa = PBXResourcesBuildPhase;
			buildActionMask = 2147483647;
			files = (
				9258E6B92C4664F300B6DC82 /* MainInterface.storyboard in Resources */,
			);
			runOnlyForDeploymentPostprocessing = 0;
		};
		92854C742C4993E700E45F88 /* Resources */ = {
			isa = PBXResourcesBuildPhase;
			buildActionMask = 2147483647;
			files = (
				92854C832C4993E900E45F88 /* Preview Assets.xcassets in Resources */,
				92854C802C4993E900E45F88 /* Assets.xcassets in Resources */,
			);
			runOnlyForDeploymentPostprocessing = 0;
		};
/* End PBXResourcesBuildPhase section */

/* Begin PBXSourcesBuildPhase section */
		9258E69A2C4664B800B6DC82 /* Sources */ = {
			isa = PBXSourcesBuildPhase;
			buildActionMask = 2147483647;
			files = (
				92D346302C4D0A2200AE74FD /* DataBaseManager.swift in Sources */,
				9258E6A42C4664B800B6DC82 /* ContentView.swift in Sources */,
				92D3462E2C4CEEF000AE74FD /* DataTransfer.swift in Sources */,
				92D346202C4C156500AE74FD /* DataContainer.swift in Sources */,
				92852B962C4BC2AB009779F2 /* NoteEdit.swift in Sources */,
				92D346282C4C208C00AE74FD /* CheckboxView.swift in Sources */,
				9258E6A22C4664B800B6DC82 /* ShareToWatchApp.swift in Sources */,
				926015732C47CF6C00212AB7 /* Note.swift in Sources */,
			);
			runOnlyForDeploymentPostprocessing = 0;
		};
		9258E6AF2C4664F300B6DC82 /* Sources */ = {
			isa = PBXSourcesBuildPhase;
			buildActionMask = 2147483647;
			files = (
				927EAF012C49A41A007709AD /* Note.swift in Sources */,
				9258E6B62C4664F300B6DC82 /* ShareViewController.swift in Sources */,
				92D346212C4C160D00AE74FD /* DataContainer.swift in Sources */,
			);
			runOnlyForDeploymentPostprocessing = 0;
		};
		92854C722C4993E700E45F88 /* Sources */ = {
			isa = PBXSourcesBuildPhase;
			buildActionMask = 2147483647;
			files = (
				92D346312C4D0A2200AE74FD /* DataBaseManager.swift in Sources */,
				92854C7E2C4993E700E45F88 /* ContentView.swift in Sources */,
				92D3462D2C4C545100AE74FD /* DataTransfer.swift in Sources */,
				92D346292C4C385600AE74FD /* DataContainer.swift in Sources */,
				92854C7C2C4993E700E45F88 /* WatchExtApp.swift in Sources */,
				92D346252C4C1FDC00AE74FD /* CheckboxView.swift in Sources */,
				92D3462A2C4C385900AE74FD /* Note.swift in Sources */,
			);
			runOnlyForDeploymentPostprocessing = 0;
		};
/* End PBXSourcesBuildPhase section */

/* Begin PBXTargetDependency section */
		927EAEFA2C49A0D9007709AD /* PBXTargetDependency */ = {
			isa = PBXTargetDependency;
			target = 9258E6B22C4664F300B6DC82 /* ShareExt */;
			targetProxy = 927EAEF92C49A0D9007709AD /* PBXContainerItemProxy */;
		};
		927EAEFC2C49A0D9007709AD /* PBXTargetDependency */ = {
			isa = PBXTargetDependency;
			target = 92854C752C4993E700E45F88 /* Watch App */;
			targetProxy = 927EAEFB2C49A0D9007709AD /* PBXContainerItemProxy */;
		};
		927EAEFF2C49A23E007709AD /* PBXTargetDependency */ = {
			isa = PBXTargetDependency;
			target = 9258E6B22C4664F300B6DC82 /* ShareExt */;
			targetProxy = 927EAEFE2C49A23E007709AD /* PBXContainerItemProxy */;
		};
/* End PBXTargetDependency section */

/* Begin PBXVariantGroup section */
		9258E6B72C4664F300B6DC82 /* MainInterface.storyboard */ = {
			isa = PBXVariantGroup;
			children = (
				9258E6B82C4664F300B6DC82 /* Base */,
			);
			name = MainInterface.storyboard;
			sourceTree = "<group>";
		};
/* End PBXVariantGroup section */

/* Begin XCBuildConfiguration section */
		9258E6AA2C4664BA00B6DC82 /* Debug */ = {
			isa = XCBuildConfiguration;
			buildSettings = {
				ALWAYS_SEARCH_USER_PATHS = NO;
				ASSETCATALOG_COMPILER_GENERATE_SWIFT_ASSET_SYMBOL_EXTENSIONS = YES;
				CLANG_ANALYZER_NONNULL = YES;
				CLANG_ANALYZER_NUMBER_OBJECT_CONVERSION = YES_AGGRESSIVE;
				CLANG_CXX_LANGUAGE_STANDARD = "gnu++20";
				CLANG_ENABLE_MODULES = YES;
				CLANG_ENABLE_OBJC_ARC = YES;
				CLANG_ENABLE_OBJC_WEAK = YES;
				CLANG_WARN_BLOCK_CAPTURE_AUTORELEASING = YES;
				CLANG_WARN_BOOL_CONVERSION = YES;
				CLANG_WARN_COMMA = YES;
				CLANG_WARN_CONSTANT_CONVERSION = YES;
				CLANG_WARN_DEPRECATED_OBJC_IMPLEMENTATIONS = YES;
				CLANG_WARN_DIRECT_OBJC_ISA_USAGE = YES_ERROR;
				CLANG_WARN_DOCUMENTATION_COMMENTS = YES;
				CLANG_WARN_EMPTY_BODY = YES;
				CLANG_WARN_ENUM_CONVERSION = YES;
				CLANG_WARN_INFINITE_RECURSION = YES;
				CLANG_WARN_INT_CONVERSION = YES;
				CLANG_WARN_NON_LITERAL_NULL_CONVERSION = YES;
				CLANG_WARN_OBJC_IMPLICIT_RETAIN_SELF = YES;
				CLANG_WARN_OBJC_LITERAL_CONVERSION = YES;
				CLANG_WARN_OBJC_ROOT_CLASS = YES_ERROR;
				CLANG_WARN_QUOTED_INCLUDE_IN_FRAMEWORK_HEADER = YES;
				CLANG_WARN_RANGE_LOOP_ANALYSIS = YES;
				CLANG_WARN_STRICT_PROTOTYPES = YES;
				CLANG_WARN_SUSPICIOUS_MOVE = YES;
				CLANG_WARN_UNGUARDED_AVAILABILITY = YES_AGGRESSIVE;
				CLANG_WARN_UNREACHABLE_CODE = YES;
				CLANG_WARN__DUPLICATE_METHOD_MATCH = YES;
				COPY_PHASE_STRIP = NO;
				DEBUG_INFORMATION_FORMAT = dwarf;
				ENABLE_STRICT_OBJC_MSGSEND = YES;
				ENABLE_TESTABILITY = YES;
				ENABLE_USER_SCRIPT_SANDBOXING = YES;
				GCC_C_LANGUAGE_STANDARD = gnu17;
				GCC_DYNAMIC_NO_PIC = NO;
				GCC_NO_COMMON_BLOCKS = YES;
				GCC_OPTIMIZATION_LEVEL = 0;
				GCC_PREPROCESSOR_DEFINITIONS = (
					"DEBUG=1",
					"$(inherited)",
				);
				GCC_WARN_64_TO_32_BIT_CONVERSION = YES;
				GCC_WARN_ABOUT_RETURN_TYPE = YES_ERROR;
				GCC_WARN_UNDECLARED_SELECTOR = YES;
				GCC_WARN_UNINITIALIZED_AUTOS = YES_AGGRESSIVE;
				GCC_WARN_UNUSED_FUNCTION = YES;
				GCC_WARN_UNUSED_VARIABLE = YES;
				IPHONEOS_DEPLOYMENT_TARGET = 17.2;
				LOCALIZATION_PREFERS_STRING_CATALOGS = YES;
				MTL_ENABLE_DEBUG_INFO = INCLUDE_SOURCE;
				MTL_FAST_MATH = YES;
				ONLY_ACTIVE_ARCH = YES;
				SDKROOT = iphoneos;
				SWIFT_ACTIVE_COMPILATION_CONDITIONS = "DEBUG $(inherited)";
				SWIFT_OPTIMIZATION_LEVEL = "-Onone";
			};
			name = Debug;
		};
		9258E6AB2C4664BA00B6DC82 /* Release */ = {
			isa = XCBuildConfiguration;
			buildSettings = {
				ALWAYS_SEARCH_USER_PATHS = NO;
				ASSETCATALOG_COMPILER_GENERATE_SWIFT_ASSET_SYMBOL_EXTENSIONS = YES;
				CLANG_ANALYZER_NONNULL = YES;
				CLANG_ANALYZER_NUMBER_OBJECT_CONVERSION = YES_AGGRESSIVE;
				CLANG_CXX_LANGUAGE_STANDARD = "gnu++20";
				CLANG_ENABLE_MODULES = YES;
				CLANG_ENABLE_OBJC_ARC = YES;
				CLANG_ENABLE_OBJC_WEAK = YES;
				CLANG_WARN_BLOCK_CAPTURE_AUTORELEASING = YES;
				CLANG_WARN_BOOL_CONVERSION = YES;
				CLANG_WARN_COMMA = YES;
				CLANG_WARN_CONSTANT_CONVERSION = YES;
				CLANG_WARN_DEPRECATED_OBJC_IMPLEMENTATIONS = YES;
				CLANG_WARN_DIRECT_OBJC_ISA_USAGE = YES_ERROR;
				CLANG_WARN_DOCUMENTATION_COMMENTS = YES;
				CLANG_WARN_EMPTY_BODY = YES;
				CLANG_WARN_ENUM_CONVERSION = YES;
				CLANG_WARN_INFINITE_RECURSION = YES;
				CLANG_WARN_INT_CONVERSION = YES;
				CLANG_WARN_NON_LITERAL_NULL_CONVERSION = YES;
				CLANG_WARN_OBJC_IMPLICIT_RETAIN_SELF = YES;
				CLANG_WARN_OBJC_LITERAL_CONVERSION = YES;
				CLANG_WARN_OBJC_ROOT_CLASS = YES_ERROR;
				CLANG_WARN_QUOTED_INCLUDE_IN_FRAMEWORK_HEADER = YES;
				CLANG_WARN_RANGE_LOOP_ANALYSIS = YES;
				CLANG_WARN_STRICT_PROTOTYPES = YES;
				CLANG_WARN_SUSPICIOUS_MOVE = YES;
				CLANG_WARN_UNGUARDED_AVAILABILITY = YES_AGGRESSIVE;
				CLANG_WARN_UNREACHABLE_CODE = YES;
				CLANG_WARN__DUPLICATE_METHOD_MATCH = YES;
				COPY_PHASE_STRIP = NO;
				DEBUG_INFORMATION_FORMAT = "dwarf-with-dsym";
				ENABLE_NS_ASSERTIONS = NO;
				ENABLE_STRICT_OBJC_MSGSEND = YES;
				ENABLE_USER_SCRIPT_SANDBOXING = YES;
				GCC_C_LANGUAGE_STANDARD = gnu17;
				GCC_NO_COMMON_BLOCKS = YES;
				GCC_WARN_64_TO_32_BIT_CONVERSION = YES;
				GCC_WARN_ABOUT_RETURN_TYPE = YES_ERROR;
				GCC_WARN_UNDECLARED_SELECTOR = YES;
				GCC_WARN_UNINITIALIZED_AUTOS = YES_AGGRESSIVE;
				GCC_WARN_UNUSED_FUNCTION = YES;
				GCC_WARN_UNUSED_VARIABLE = YES;
				IPHONEOS_DEPLOYMENT_TARGET = 17.2;
				LOCALIZATION_PREFERS_STRING_CATALOGS = YES;
				MTL_ENABLE_DEBUG_INFO = NO;
				MTL_FAST_MATH = YES;
				SDKROOT = iphoneos;
				SWIFT_COMPILATION_MODE = wholemodule;
				VALIDATE_PRODUCT = YES;
			};
			name = Release;
		};
		9258E6AD2C4664BA00B6DC82 /* Debug */ = {
			isa = XCBuildConfiguration;
			buildSettings = {
				ALWAYS_EMBED_SWIFT_STANDARD_LIBRARIES = YES;
				ASSETCATALOG_COMPILER_APPICON_NAME = AppIcon;
				ASSETCATALOG_COMPILER_GLOBAL_ACCENT_COLOR_NAME = AccentColor;
				CODE_SIGN_ENTITLEMENTS = Source/Apps/ShareToWatch/ShareToWatch.entitlements;
				CODE_SIGN_STYLE = Automatic;
				CURRENT_PROJECT_VERSION = 1;
				DEVELOPMENT_ASSET_PATHS = "\"Source/Apps/ShareToWatch/Preview Content\"";
				DEVELOPMENT_TEAM = 87XM268947;
				ENABLE_PREVIEWS = YES;
				GENERATE_INFOPLIST_FILE = YES;
				INFOPLIST_FILE = Source/Apps/ShareToWatch/Info.plist;
				INFOPLIST_KEY_UIApplicationSceneManifest_Generation = YES;
				INFOPLIST_KEY_UIApplicationSupportsIndirectInputEvents = YES;
				INFOPLIST_KEY_UILaunchScreen_Generation = YES;
				INFOPLIST_KEY_UISupportedInterfaceOrientations_iPad = "UIInterfaceOrientationPortrait UIInterfaceOrientationPortraitUpsideDown UIInterfaceOrientationLandscapeLeft UIInterfaceOrientationLandscapeRight";
				INFOPLIST_KEY_UISupportedInterfaceOrientations_iPhone = "UIInterfaceOrientationPortrait UIInterfaceOrientationLandscapeLeft UIInterfaceOrientationLandscapeRight";
				INFOPLIST_KEY_WKCompanionAppBundleIdentifier = live.ShareToWatch.iOSApp.WatchApp;
				LD_RUNPATH_SEARCH_PATHS = (
					"$(inherited)",
					"@executable_path/Frameworks",
				);
				MARKETING_VERSION = 1.0;
				PRODUCT_BUNDLE_IDENTIFIER = live.ShareToWatch.iOSApp;
				PRODUCT_NAME = "$(TARGET_NAME)";
				SUPPORTED_PLATFORMS = "iphoneos iphonesimulator";
				SUPPORTS_MACCATALYST = NO;
				SUPPORTS_XR_DESIGNED_FOR_IPHONE_IPAD = NO;
				SWIFT_EMIT_LOC_STRINGS = YES;
				SWIFT_VERSION = 5.0;
				TARGETED_DEVICE_FAMILY = "1,2";
			};
			name = Debug;
		};
		9258E6AE2C4664BA00B6DC82 /* Release */ = {
			isa = XCBuildConfiguration;
			buildSettings = {
				ALWAYS_EMBED_SWIFT_STANDARD_LIBRARIES = YES;
				ASSETCATALOG_COMPILER_APPICON_NAME = AppIcon;
				ASSETCATALOG_COMPILER_GLOBAL_ACCENT_COLOR_NAME = AccentColor;
				CODE_SIGN_ENTITLEMENTS = Source/Apps/ShareToWatch/ShareToWatch.entitlements;
				CODE_SIGN_STYLE = Automatic;
				CURRENT_PROJECT_VERSION = 1;
				DEVELOPMENT_ASSET_PATHS = "\"Source/Apps/ShareToWatch/Preview Content\"";
				DEVELOPMENT_TEAM = 87XM268947;
				ENABLE_PREVIEWS = YES;
				GENERATE_INFOPLIST_FILE = YES;
				INFOPLIST_FILE = Source/Apps/ShareToWatch/Info.plist;
				INFOPLIST_KEY_UIApplicationSceneManifest_Generation = YES;
				INFOPLIST_KEY_UIApplicationSupportsIndirectInputEvents = YES;
				INFOPLIST_KEY_UILaunchScreen_Generation = YES;
				INFOPLIST_KEY_UISupportedInterfaceOrientations_iPad = "UIInterfaceOrientationPortrait UIInterfaceOrientationPortraitUpsideDown UIInterfaceOrientationLandscapeLeft UIInterfaceOrientationLandscapeRight";
				INFOPLIST_KEY_UISupportedInterfaceOrientations_iPhone = "UIInterfaceOrientationPortrait UIInterfaceOrientationLandscapeLeft UIInterfaceOrientationLandscapeRight";
				INFOPLIST_KEY_WKCompanionAppBundleIdentifier = live.ShareToWatch.iOSApp.WatchApp;
				LD_RUNPATH_SEARCH_PATHS = (
					"$(inherited)",
					"@executable_path/Frameworks",
				);
				MARKETING_VERSION = 1.0;
				PRODUCT_BUNDLE_IDENTIFIER = live.ShareToWatch.iOSApp;
				PRODUCT_NAME = "$(TARGET_NAME)";
				SUPPORTED_PLATFORMS = "iphoneos iphonesimulator";
				SUPPORTS_MACCATALYST = NO;
				SUPPORTS_XR_DESIGNED_FOR_IPHONE_IPAD = NO;
				SWIFT_EMIT_LOC_STRINGS = YES;
				SWIFT_VERSION = 5.0;
				TARGETED_DEVICE_FAMILY = "1,2";
			};
			name = Release;
		};
		9258E6BF2C4664F300B6DC82 /* Debug */ = {
			isa = XCBuildConfiguration;
			buildSettings = {
				CODE_SIGN_ENTITLEMENTS = Source/Apps/ShareExt/ShareExt.entitlements;
				CODE_SIGN_STYLE = Automatic;
				CURRENT_PROJECT_VERSION = 1;
				DEVELOPMENT_TEAM = 87XM268947;
				GENERATE_INFOPLIST_FILE = YES;
				INFOPLIST_FILE = Source/Apps/ShareExt/Info.plist;
				INFOPLIST_KEY_CFBundleDisplayName = ShareExt;
				INFOPLIST_KEY_NSHumanReadableCopyright = "";
				LD_RUNPATH_SEARCH_PATHS = (
					"$(inherited)",
					"@executable_path/Frameworks",
					"@executable_path/../../Frameworks",
				);
				MARKETING_VERSION = 1.0;
				PRODUCT_BUNDLE_IDENTIFIER = live.ShareToWatch.iOSApp.ShareExt;
				PRODUCT_NAME = "$(TARGET_NAME)";
				SKIP_INSTALL = YES;
				SUPPORTED_PLATFORMS = "iphoneos iphonesimulator";
				SUPPORTS_MACCATALYST = NO;
				SUPPORTS_XR_DESIGNED_FOR_IPHONE_IPAD = NO;
				SWIFT_EMIT_LOC_STRINGS = YES;
				SWIFT_VERSION = 5.0;
				TARGETED_DEVICE_FAMILY = "1,2";
			};
			name = Debug;
		};
		9258E6C02C4664F300B6DC82 /* Release */ = {
			isa = XCBuildConfiguration;
			buildSettings = {
				CODE_SIGN_ENTITLEMENTS = Source/Apps/ShareExt/ShareExt.entitlements;
				CODE_SIGN_STYLE = Automatic;
				CURRENT_PROJECT_VERSION = 1;
				DEVELOPMENT_TEAM = 87XM268947;
				GENERATE_INFOPLIST_FILE = YES;
				INFOPLIST_FILE = Source/Apps/ShareExt/Info.plist;
				INFOPLIST_KEY_CFBundleDisplayName = ShareExt;
				INFOPLIST_KEY_NSHumanReadableCopyright = "";
				LD_RUNPATH_SEARCH_PATHS = (
					"$(inherited)",
					"@executable_path/Frameworks",
					"@executable_path/../../Frameworks",
				);
				MARKETING_VERSION = 1.0;
				PRODUCT_BUNDLE_IDENTIFIER = live.ShareToWatch.iOSApp.ShareExt;
				PRODUCT_NAME = "$(TARGET_NAME)";
				SKIP_INSTALL = YES;
				SUPPORTED_PLATFORMS = "iphoneos iphonesimulator";
				SUPPORTS_MACCATALYST = NO;
				SUPPORTS_XR_DESIGNED_FOR_IPHONE_IPAD = NO;
				SWIFT_EMIT_LOC_STRINGS = YES;
				SWIFT_VERSION = 5.0;
				TARGETED_DEVICE_FAMILY = "1,2";
			};
			name = Release;
		};
		92854C852C4993E900E45F88 /* Debug */ = {
			isa = XCBuildConfiguration;
			buildSettings = {
				ASSETCATALOG_COMPILER_APPICON_NAME = AppIcon;
				ASSETCATALOG_COMPILER_GLOBAL_ACCENT_COLOR_NAME = AccentColor;
				CODE_SIGN_ENTITLEMENTS = Source/Apps/WatchApp/WatchApp.entitlements;
				CODE_SIGN_STYLE = Automatic;
				CURRENT_PROJECT_VERSION = 1;
				DEVELOPMENT_ASSET_PATHS = Source/Apps/WatchApp/WatchApp.entitlements;
				DEVELOPMENT_TEAM = 87XM268947;
				ENABLE_PREVIEWS = YES;
				GENERATE_INFOPLIST_FILE = YES;
				INFOPLIST_KEY_CFBundleDisplayName = WatchExt;
				INFOPLIST_KEY_UISupportedInterfaceOrientations = "UIInterfaceOrientationPortrait UIInterfaceOrientationPortraitUpsideDown";
				INFOPLIST_KEY_WKCompanionAppBundleIdentifier = live.ShareToWatch.iOSApp;
				LD_RUNPATH_SEARCH_PATHS = (
					"$(inherited)",
					"@executable_path/Frameworks",
				);
				MARKETING_VERSION = 1.0;
				PRODUCT_BUNDLE_IDENTIFIER = live.ShareToWatch.iOSApp.WatchApp;
				PRODUCT_NAME = "$(TARGET_NAME)";
				SDKROOT = watchos;
				SKIP_INSTALL = YES;
				SWIFT_EMIT_LOC_STRINGS = YES;
				SWIFT_VERSION = 5.0;
				TARGETED_DEVICE_FAMILY = 4;
				WATCHOS_DEPLOYMENT_TARGET = 10.5;
			};
			name = Debug;
		};
		92854C862C4993E900E45F88 /* Release */ = {
			isa = XCBuildConfiguration;
			buildSettings = {
				ASSETCATALOG_COMPILER_APPICON_NAME = AppIcon;
				ASSETCATALOG_COMPILER_GLOBAL_ACCENT_COLOR_NAME = AccentColor;
				CODE_SIGN_ENTITLEMENTS = Source/Apps/WatchApp/WatchApp.entitlements;
				CODE_SIGN_STYLE = Automatic;
				CURRENT_PROJECT_VERSION = 1;
				DEVELOPMENT_ASSET_PATHS = Source/Apps/WatchApp/WatchApp.entitlements;
				DEVELOPMENT_TEAM = 87XM268947;
				ENABLE_PREVIEWS = YES;
				GENERATE_INFOPLIST_FILE = YES;
				INFOPLIST_KEY_CFBundleDisplayName = WatchExt;
				INFOPLIST_KEY_UISupportedInterfaceOrientations = "UIInterfaceOrientationPortrait UIInterfaceOrientationPortraitUpsideDown";
				INFOPLIST_KEY_WKCompanionAppBundleIdentifier = live.ShareToWatch.iOSApp;
				LD_RUNPATH_SEARCH_PATHS = (
					"$(inherited)",
					"@executable_path/Frameworks",
				);
				MARKETING_VERSION = 1.0;
				PRODUCT_BUNDLE_IDENTIFIER = live.ShareToWatch.iOSApp.WatchApp;
				PRODUCT_NAME = "$(TARGET_NAME)";
				SDKROOT = watchos;
				SKIP_INSTALL = YES;
				SWIFT_EMIT_LOC_STRINGS = YES;
				SWIFT_VERSION = 5.0;
				TARGETED_DEVICE_FAMILY = 4;
				WATCHOS_DEPLOYMENT_TARGET = 10.5;
			};
			name = Release;
		};
/* End XCBuildConfiguration section */

/* Begin XCConfigurationList section */
		9258E6992C4664B800B6DC82 /* Build configuration list for PBXProject "ShareToWatch" */ = {
			isa = XCConfigurationList;
			buildConfigurations = (
				9258E6AA2C4664BA00B6DC82 /* Debug */,
				9258E6AB2C4664BA00B6DC82 /* Release */,
			);
			defaultConfigurationIsVisible = 0;
			defaultConfigurationName = Release;
		};
		9258E6AC2C4664BA00B6DC82 /* Build configuration list for PBXNativeTarget "iOS App" */ = {
			isa = XCConfigurationList;
			buildConfigurations = (
				9258E6AD2C4664BA00B6DC82 /* Debug */,
				9258E6AE2C4664BA00B6DC82 /* Release */,
			);
			defaultConfigurationIsVisible = 0;
			defaultConfigurationName = Release;
		};
		9258E6BE2C4664F300B6DC82 /* Build configuration list for PBXNativeTarget "ShareExt" */ = {
			isa = XCConfigurationList;
			buildConfigurations = (
				9258E6BF2C4664F300B6DC82 /* Debug */,
				9258E6C02C4664F300B6DC82 /* Release */,
			);
			defaultConfigurationIsVisible = 0;
			defaultConfigurationName = Release;
		};
		92854C842C4993E900E45F88 /* Build configuration list for PBXNativeTarget "Watch App" */ = {
			isa = XCConfigurationList;
			buildConfigurations = (
				92854C852C4993E900E45F88 /* Debug */,
				92854C862C4993E900E45F88 /* Release */,
			);
			defaultConfigurationIsVisible = 0;
			defaultConfigurationName = Release;
		};
/* End XCConfigurationList section */
	};
	rootObject = 9258E6962C4664B800B6DC82 /* Project object */;
}
